
Microsoft Visual Studio Solution File, Format Version 12.00
# Visual Studio 15
VisualStudioVersion = 15.0.28307.136
MinimumVisualStudioVersion = 10.0.40219.1
Project("{9A19103F-16F7-4668-BE54-9A1E7A4F7556}") = "Admin.Api", "Admin.Api\Admin.Api.csproj", "{F9D0C3CA-25AF-459B-8D75-3814004BB677}"
EndProject
Project("{9A19103F-16F7-4668-BE54-9A1E7A4F7556}") = "Admin.Data", "Admin.Data\Admin.Data.csproj", "{F5C88D9E-FB59-4D4C-B28B-C82A1C3E8E75}"
EndProject
Project("{9A19103F-16F7-4668-BE54-9A1E7A4F7556}") = "Admin.IService", "Admin.IService\Admin.IService.csproj", "{7B4DDB8E-49C4-4D77-B787-2EDBB9C68314}"
EndProject
Project("{9A19103F-16F7-4668-BE54-9A1E7A4F7556}") = "Admin.Service", "Admin.Service\Admin.Service.csproj", "{04A2864A-F615-414F-804F-84EF0A7F1433}"
EndProject
Project("{2150E333-8FDC-42A3-9474-1A3956D46DE8}") = "1.应用层", "1.应用层", "{E4CB1664-ED7F-4560-BDD6-368DAF03437F}"
EndProject
Project("{2150E333-8FDC-42A3-9474-1A3956D46DE8}") = "2.服务层", "2.服务层", "{0F9AA24A-FBD1-4639-B3FF-B459071DA36D}"
EndProject
Project("{2150E333-8FDC-42A3-9474-1A3956D46DE8}") = "3.模型层", "3.模型层", "{016EA55E-18FF-4F88-9E13-E39288320713}"
EndProject
Project("{9A19103F-16F7-4668-BE54-9A1E7A4F7556}") = "Admin.Common", "Admin.Common\Admin.Common.csproj", "{B2F6B27B-968D-492C-82A6-1107CDC4F259}"
EndProject
Project("{FAE04EC0-301F-11D3-BF4B-00C04F79EFBC}") = "ERP.MiddleService", "ERP.MiddleService\ERP.MiddleService.csproj", "{6F123C07-40EC-4F84-8D42-2096CAA515B7}"
EndProject
Project("{2150E333-8FDC-42A3-9474-1A3956D46DE8}") = "4.中间层", "4.中间层", "{DF5ADB64-778E-43A2-993C-E75B0BAAAA14}"
EndProject
Project("{FAE04EC0-301F-11D3-BF4B-00C04F79EFBC}") = "ERP.Project.Common", "ERP.Project.Common\ERP.Project.Common.csproj", "{21DD01ED-113F-42B4-BAC0-F394148BD748}"
EndProject
Project("{FAE04EC0-301F-11D3-BF4B-00C04F79EFBC}") = "ERP.MiddleService.WCFService", "ERP.MiddleService.WCFService\ERP.MiddleService.WCFService.csproj", "{AC5DCDB7-5E19-46BD-86B5-909142B62FF4}"
EndProject
Project("{FAE04EC0-301F-11D3-BF4B-00C04F79EFBC}") = "ERP.Project.Data", "ERP.Project.Data\ERP.Project.Data.csproj", "{F50B5F87-F26E-4E38-BA35-3BF1CFF0EE58}"
EndProject
Global
	GlobalSection(SolutionConfigurationPlatforms) = preSolution
		Debug|Any CPU = Debug|Any CPU
		Release|Any CPU = Release|Any CPU
	EndGlobalSection
	GlobalSection(ProjectConfigurationPlatforms) = postSolution
		{F9D0C3CA-25AF-459B-8D75-3814004BB677}.Debug|Any CPU.ActiveCfg = Debug|Any CPU
		{F9D0C3CA-25AF-459B-8D75-3814004BB677}.Debug|Any CPU.Build.0 = Debug|Any CPU
		{F9D0C3CA-25AF-459B-8D75-3814004BB677}.Release|Any CPU.ActiveCfg = Release|Any CPU
		{F9D0C3CA-25AF-459B-8D75-3814004BB677}.Release|Any CPU.Build.0 = Release|Any CPU
		{F5C88D9E-FB59-4D4C-B28B-C82A1C3E8E75}.Debug|Any CPU.ActiveCfg = Debug|Any CPU
		{F5C88D9E-FB59-4D4C-B28B-C82A1C3E8E75}.Debug|Any CPU.Build.0 = Debug|Any CPU
		{F5C88D9E-FB59-4D4C-B28B-C82A1C3E8E75}.Release|Any CPU.ActiveCfg = Release|Any CPU
		{F5C88D9E-FB59-4D4C-B28B-C82A1C3E8E75}.Release|Any CPU.Build.0 = Release|Any CPU
		{7B4DDB8E-49C4-4D77-B787-2EDBB9C68314}.Debug|Any CPU.ActiveCfg = Debug|Any CPU
		{7B4DDB8E-49C4-4D77-B787-2EDBB9C68314}.Debug|Any CPU.Build.0 = Debug|Any CPU
		{7B4DDB8E-49C4-4D77-B787-2EDBB9C68314}.Release|Any CPU.ActiveCfg = Release|Any CPU
		{7B4DDB8E-49C4-4D77-B787-2EDBB9C68314}.Release|Any CPU.Build.0 = Release|Any CPU
		{04A2864A-F615-414F-804F-84EF0A7F1433}.Debug|Any CPU.ActiveCfg = Debug|Any CPU
		{04A2864A-F615-414F-804F-84EF0A7F1433}.Debug|Any CPU.Build.0 = Debug|Any CPU
		{04A2864A-F615-414F-804F-84EF0A7F1433}.Release|Any CPU.ActiveCfg = Release|Any CPU
		{04A2864A-F615-414F-804F-84EF0A7F1433}.Release|Any CPU.Build.0 = Release|Any CPU
		{B2F6B27B-968D-492C-82A6-1107CDC4F259}.Debug|Any CPU.ActiveCfg = Debug|Any CPU
		{B2F6B27B-968D-492C-82A6-1107CDC4F259}.Debug|Any CPU.Build.0 = Debug|Any CPU
		{B2F6B27B-968D-492C-82A6-1107CDC4F259}.Release|Any CPU.ActiveCfg = Release|Any CPU
		{B2F6B27B-968D-492C-82A6-1107CDC4F259}.Release|Any CPU.Build.0 = Release|Any CPU
		{6F123C07-40EC-4F84-8D42-2096CAA515B7}.Debug|Any CPU.ActiveCfg = Debug|Any CPU
		{6F123C07-40EC-4F84-8D42-2096CAA515B7}.Debug|Any CPU.Build.0 = Debug|Any CPU
		{6F123C07-40EC-4F84-8D42-2096CAA515B7}.Release|Any CPU.ActiveCfg = Release|Any CPU
		{6F123C07-40EC-4F84-8D42-2096CAA515B7}.Release|Any CPU.Build.0 = Release|Any CPU
		{21DD01ED-113F-42B4-BAC0-F394148BD748}.Debug|Any CPU.ActiveCfg = Debug|Any CPU
		{21DD01ED-113F-42B4-BAC0-F394148BD748}.Debug|Any CPU.Build.0 = Debug|Any CPU
		{21DD01ED-113F-42B4-BAC0-F394148BD748}.Release|Any CPU.ActiveCfg = Release|Any CPU
		{21DD01ED-113F-42B4-BAC0-F394148BD748}.Release|Any CPU.Build.0 = Release|Any CPU
		{AC5DCDB7-5E19-46BD-86B5-909142B62FF4}.Debug|Any CPU.ActiveCfg = Debug|Any CPU
		{AC5DCDB7-5E19-46BD-86B5-909142B62FF4}.Debug|Any CPU.Build.0 = Debug|Any CPU
		{AC5DCDB7-5E19-46BD-86B5-909142B62FF4}.Release|Any CPU.ActiveCfg = Release|Any CPU
		{AC5DCDB7-5E19-46BD-86B5-909142B62FF4}.Release|Any CPU.Build.0 = Release|Any CPU
		{F50B5F87-F26E-4E38-BA35-3BF1CFF0EE58}.Debug|Any CPU.ActiveCfg = Debug|Any CPU
		{F50B5F87-F26E-4E38-BA35-3BF1CFF0EE58}.Debug|Any CPU.Build.0 = Debug|Any CPU
		{F50B5F87-F26E-4E38-BA35-3BF1CFF0EE58}.Release|Any CPU.ActiveCfg = Release|Any CPU
		{F50B5F87-F26E-4E38-BA35-3BF1CFF0EE58}.Release|Any CPU.Build.0 = Release|Any CPU
	EndGlobalSection
	GlobalSection(SolutionProperties) = preSolution
		HideSolutionNode = FALSE
	EndGlobalSection
	GlobalSection(NestedProjects) = preSolution
		{F9D0C3CA-25AF-459B-8D75-3814004BB677} = {E4CB1664-ED7F-4560-BDD6-368DAF03437F}
		{F5C88D9E-FB59-4D4C-B28B-C82A1C3E8E75} = {016EA55E-18FF-4F88-9E13-E39288320713}
		{7B4DDB8E-49C4-4D77-B787-2EDBB9C68314} = {0F9AA24A-FBD1-4639-B3FF-B459071DA36D}
		{04A2864A-F615-414F-804F-84EF0A7F1433} = {0F9AA24A-FBD1-4639-B3FF-B459071DA36D}
		{B2F6B27B-968D-492C-82A6-1107CDC4F259} = {E4CB1664-ED7F-4560-BDD6-368DAF03437F}
		{6F123C07-40EC-4F84-8D42-2096CAA515B7} = {DF5ADB64-778E-43A2-993C-E75B0BAAAA14}
	EndGlobalSection
	GlobalSection(ExtensibilityGlobals) = postSolution
		SolutionGuid = {D12850E4-74A4-4771-AA6A-D6512D827DA0}
	EndGlobalSection
EndGlobal
